<?xml version="1.0" encoding="UTF-8" standalone="yes" ?>
<CodeBlocks_project_file>
	<FileVersion major="1" minor="6" />
	<Project>
		<Option title="EDD_practica1_201612331" />
		<Option pch_mode="2" />
		<Option compiler="gcc" />
		<Build>
			<Target title="Debug">
				<Option output="bin/Debug/EDD_practica1_201612331" prefix_auto="1" extension_auto="1" />
				<Option object_output="obj/Debug/" />
				<Option type="1" />
				<Option compiler="gcc" />
				<Compiler>
					<Add option="-g" />
					<Add directory="include" />
				</Compiler>
			</Target>
			<Target title="Release">
				<Option output="bin/Release/EDD_practica1_201612331" prefix_auto="1" extension_auto="1" />
				<Option object_output="obj/Release/" />
				<Option type="1" />
				<Option compiler="gcc" />
				<Compiler>
					<Add option="-O2" />
					<Add directory="include" />
				</Compiler>
				<Linker>
					<Add option="-s" />
				</Linker>
			</Target>
		</Build>
		<Compiler>
			<Add option="-Wall" />
			<Add option="-fexceptions" />
		</Compiler>
		<Unit filename="include/ClientesAleatorios.h" />
		<Unit filename="include/ListaAtencion.h" />
		<Unit filename="include/ListaClientes.h" />
		<Unit filename="include/ListaEmpleados.h" />
		<Unit filename="include/ListaEquipaje.h" />
		<Unit filename="include/ListaPaqueteria.h" />
		<Unit filename="include/ListaVuelo.h" />
		<Unit filename="include/NodoClientes.h" />
		<Unit filename="include/NodoEmpleados.h" />
		<Unit filename="include/NodoEquipaje.h" />
		<Unit filename="include/NodoEstacion.h" />
		<Unit filename="include/NodoPaqueteria.h" />
		<Unit filename="include/NodoVuelo.h" />
		<Unit filename="include/empleadosAleatorios.h" />
		<Unit filename="include/equipajeAleatorio.h" />
		<Unit filename="include/paqueteriaAleatoria.h" />
		<Unit filename="include/vuelosAleatorios.h" />
		<Unit filename="main.cpp" />
		<Unit filename="src/ClientesAleatorios.cpp" />
		<Unit filename="src/ListaAtencion.cpp" />
		<Unit filename="src/ListaClientes.cpp" />
		<Unit filename="src/ListaEmpleados.cpp" />
		<Unit filename="src/ListaEquipaje.cpp" />
		<Unit filename="src/ListaPaqueteria.cpp" />
		<Unit filename="src/ListaVuelo.cpp" />
		<Unit filename="src/NodoClientes.cpp" />
		<Unit filename="src/NodoEmpleados.cpp" />
		<Unit filename="src/NodoEquipaje.cpp" />
		<Unit filename="src/NodoEstacion.cpp" />
		<Unit filename="src/NodoPaqueteria.cpp" />
		<Unit filename="src/NodoVuelo.cpp" />
		<Unit filename="src/empleadosAleatorios.cpp" />
		<Unit filename="src/equipajeAleatorio.cpp" />
		<Unit filename="src/paqueteriaAleatoria.cpp" />
		<Unit filename="src/vuelosAleatorios.cpp" />
		<Extensions>
			<envvars />
			<code_completion />
			<debugger />
			<lib_finder disable_auto="1" />
		</Extensions>
	</Project>
</CodeBlocks_project_file>
